
Microsoft Visual Studio Solution File, Format Version 12.00
# Visual Studio Version 17
VisualStudioVersion = 17.14.36603.0 d17.14
MinimumVisualStudioVersion = 10.0.40219.1
Project("{FAE04EC0-301F-11D3-BF4B-00C04F79EFBC}") = "GestionClientes", "GestionClientes\GestionClientes.csproj", "{FD6F82C1-2D47-41F1-AE7F-9B9AE0951FC4}"
EndProject
Global
	GlobalSection(SolutionConfigurationPlatforms) = preSolution
		Debug|Any CPU = Debug|Any CPU
		Release|Any CPU = Release|Any CPU
	EndGlobalSection
	GlobalSection(ProjectConfigurationPlatforms) = postSolution
		{FD6F82C1-2D47-41F1-AE7F-9B9AE0951FC4}.Debug|Any CPU.ActiveCfg = Debug|Any CPU
		{FD6F82C1-2D47-41F1-AE7F-9B9AE0951FC4}.Debug|Any CPU.Build.0 = Debug|Any CPU
		{FD6F82C1-2D47-41F1-AE7F-9B9AE0951FC4}.Release|Any CPU.ActiveCfg = Release|Any CPU
		{FD6F82C1-2D47-41F1-AE7F-9B9AE0951FC4}.Release|Any CPU.Build.0 = Release|Any CPU
	EndGlobalSection
	GlobalSection(SolutionProperties) = preSolution
		HideSolutionNode = FALSE
	EndGlobalSection
	GlobalSection(ExtensibilityGlobals) = postSolution
		SolutionGuid = {1BF656DF-F5E1-435A-BFC1-00951960AF44}
	EndGlobalSection
EndGlobal
